// !$*UTF8*$!
{
	archiveVersion = 1;
	classes = {
	};
	objectVersion = 50;
	objects = {

/* Begin PBXBuildFile section */
		630574C524C047B400690D38 /* AppDelegate.swift in Sources */ = {isa = PBXBuildFile; fileRef = 630574C424C047B400690D38 /* AppDelegate.swift */; };
		630574C724C047B400690D38 /* SceneDelegate.swift in Sources */ = {isa = PBXBuildFile; fileRef = 630574C624C047B400690D38 /* SceneDelegate.swift */; };
		630574C924C047B400690D38 /* ViewController.swift in Sources */ = {isa = PBXBuildFile; fileRef = 630574C824C047B400690D38 /* ViewController.swift */; };
		630574CC24C047B400690D38 /* Main.storyboard in Resources */ = {isa = PBXBuildFile; fileRef = 630574CA24C047B400690D38 /* Main.storyboard */; };
		630574CE24C047B500690D38 /* Assets.xcassets in Resources */ = {isa = PBXBuildFile; fileRef = 630574CD24C047B500690D38 /* Assets.xcassets */; };
		630574D124C047B500690D38 /* LaunchScreen.storyboard in Resources */ = {isa = PBXBuildFile; fileRef = 630574CF24C047B500690D38 /* LaunchScreen.storyboard */; };
		630574D924C048A000690D38 /* File.swift in Sources */ = {isa = PBXBuildFile; fileRef = 630574D824C0489F00690D38 /* File.swift */; };
		630574DB24C068FB00690D38 /* TableViewCell.swift in Sources */ = {isa = PBXBuildFile; fileRef = 630574DA24C068FB00690D38 /* TableViewCell.swift */; };
/* End PBXBuildFile section */

/* Begin PBXFileReference section */
		630574C124C047B400690D38 /* Pryaniki.app */ = {isa = PBXFileReference; explicitFileType = wrapper.application; includeInIndex = 0; path = Pryaniki.app; sourceTree = BUILT_PRODUCTS_DIR; };
		630574C424C047B400690D38 /* AppDelegate.swift */ = {isa = PBXFileReference; lastKnownFileType = sourcecode.swift; path = AppDelegate.swift; sourceTree = "<group>"; };
		630574C624C047B400690D38 /* SceneDelegate.swift */ = {isa = PBXFileReference; lastKnownFileType = sourcecode.swift; path = SceneDelegate.swift; sourceTree = "<group>"; };
		630574C824C047B400690D38 /* ViewController.swift */ = {isa = PBXFileReference; lastKnownFileType = sourcecode.swift; path = ViewController.swift; sourceTree = "<group>"; };
		630574CB24C047B400690D38 /* Base */ = {isa = PBXFileReference; lastKnownFileType = file.storyboard; name = Base; path = Base.lproj/Main.storyboard; sourceTree = "<group>"; };
		630574CD24C047B500690D38 /* Assets.xcassets */ = {isa = PBXFileReference; lastKnownFileType = folder.assetcatalog; path = Assets.xcassets; sourceTree = "<group>"; };
		630574D024C047B500690D38 /* Base */ = {isa = PBXFileReference; lastKnownFileType = file.storyboard; name = Base; path = Base.lproj/LaunchScreen.storyboard; sourceTree = "<group>"; };
		630574D224C047B500690D38 /* Info.plist */ = {isa = PBXFileReference; lastKnownFileType = text.plist.xml; path = Info.plist; sourceTree = "<group>"; };
		630574D824C0489F00690D38 /* File.swift */ = {isa = PBXFileReference; lastKnownFileType = sourcecode.swift; path = File.swift; sourceTree = "<group>"; };
		630574DA24C068FB00690D38 /* TableViewCell.swift */ = {isa = PBXFileReference; lastKnownFileType = sourcecode.swift; path = TableViewCell.swift; sourceTree = "<group>"; };
/* End PBXFileReference section */

/* Begin PBXFrameworksBuildPhase section */
		630574BE24C047B400690D38 /* Frameworks */ = {
			isa = PBXFrameworksBuildPhase;
			buildActionMask = 2147483647;
			files = (
			);
			runOnlyForDeploymentPostprocessing = 0;
		};
/* End PBXFrameworksBuildPhase section */

/* Begin PBXGroup section */
		630574B824C047B400690D38 = {
			isa = PBXGroup;
			children = (
				630574C324C047B400690D38 /* Pryaniki */,
				630574C224C047B400690D38 /* Products */,
			);
			sourceTree = "<group>";
		};
		630574C224C047B400690D38 /* Products */ = {
			isa = PBXGroup;
			children = (
				630574C124C047B400690D38 /* Pryaniki.app */,
			);
			name = Products;
			sourceTree = "<group>";
		};
		630574C324C047B400690D38 /* Pryaniki */ = {
			isa = PBXGroup;
			children = (
				630574C424C047B400690D38 /* AppDelegate.swift */,
				630574C624C047B400690D38 /* SceneDelegate.swift */,
				630574C824C047B400690D38 /* ViewController.swift */,
				630574DA24C068FB00690D38 /* TableViewCell.swift */,
				630574D824C0489F00690D38 /* File.swift */,
				630574CA24C047B400690D38 /* Main.storyboard */,
				630574CD24C047B500690D38 /* Assets.xcassets */,
				630574CF24C047B500690D38 /* LaunchScreen.storyboard */,
				630574D224C047B500690D38 /* Info.plist */,
			);
			path = Pryaniki;
			sourceTree = "<group>";
		};
/* End PBXGroup section */

/* Begin PBXNativeTarget section */
		630574C024C047B400690D38 /* Pryaniki */ = {
			isa = PBXNativeTarget;
			buildConfigurationList = 630574D524C047B500690D38 /* Build configuration list for PBXNativeTarget "Pryaniki" */;
			buildPhases = (
				630574BD24C047B400690D38 /* Sources */,
				630574BE24C047B400690D38 /* Frameworks */,
				630574BF24C047B400690D38 /* Resources */,
			);
			buildRules = (
			);
			dependencies = (
			);
			name = Pryaniki;
			productName = Pryaniki;
			productReference = 630574C124C047B400690D38 /* Pryaniki.app */;
			productType = "com.apple.product-type.application";
		};
/* End PBXNativeTarget section */

/* Begin PBXProject section */
		630574B924C047B400690D38 /* Project object */ = {
			isa = PBXProject;
			attributes = {
				LastSwiftUpdateCheck = 1130;
				LastUpgradeCheck = 1130;
				ORGANIZATIONNAME = "Туйаара Оконешникова";
				TargetAttributes = {
					630574C024C047B400690D38 = {
						CreatedOnToolsVersion = 11.3.1;
					};
				};
			};
			buildConfigurationList = 630574BC24C047B400690D38 /* Build configuration list for PBXProject "Pryaniki" */;
			compatibilityVersion = "Xcode 9.3";
			developmentRegion = en;
			hasScannedForEncodings = 0;
			knownRegions = (
				en,
				Base,
			);
			mainGroup = 630574B824C047B400690D38;
			productRefGroup = 630574C224C047B400690D38 /* Products */;
			projectDirPath = "";
			projectRoot = "";
			targets = (
				630574C024C047B400690D38 /* Pryaniki */,
			);
		};
/* End PBXProject section */

/* Begin PBXResourcesBuildPhase section */
		630574BF24C047B400690D38 /* Resources */ = {
			isa = PBXResourcesBuildPhase;
			buildActionMask = 2147483647;
			files = (
				630574D124C047B500690D38 /* LaunchScreen.storyboard in Resources */,
				630574CE24C047B500690D38 /* Assets.xcassets in Resources */,
				630574CC24C047B400690D38 /* Main.storyboard in Resources */,
			);
			runOnlyForDeploymentPostprocessing = 0;
		};
/* End PBXResourcesBuildPhase section */

/* Begin PBXSourcesBuildPhase section */
		630574BD24C047B400690D38 /* Sources */ = {
			isa = PBXSourcesBuildPhase;
			buildActionMask = 2147483647;
			files = (
				630574DB24C068FB00690D38 /* TableViewCell.swift in Sources */,
				630574C924C047B400690D38 /* ViewController.swift in Sources */,
				630574D924C048A000690D38 /* File.swift in Sources */,
				630574C524C047B400690D38 /* AppDelegate.swift in Sources */,
				630574C724C047B400690D38 /* SceneDelegate.swift in Sources */,
			);
			runOnlyForDeploymentPostprocessing = 0;
		};
/* End PBXSourcesBuildPhase section */

/* Begin PBXVariantGroup section */
		630574CA24C047B400690D38 /* Main.storyboard */ = {
			isa = PBXVariantGroup;
			children = (
				630574CB24C047B400690D38 /* Base */,
			);
			name = Main.storyboard;
			sourceTree = "<group>";
		};
		630574CF24C047B500690D38 /* LaunchScreen.storyboard */ = {
			isa = PBXVariantGroup;
			children = (
				630574D024C047B500690D38 /* Base */,
			);
			name = LaunchScreen.storyboard;
			sourceTree = "<group>";
		};
/* End PBXVariantGroup section */

/* Begin XCBuildConfiguration section */
		630574D324C047B500690D38 /* Debug */ = {
			isa = XCBuildConfiguration;
			buildSettings = {
				ALWAYS_SEARCH_USER_PATHS = NO;
				CLANG_ANALYZER_NONNULL = YES;
				CLANG_ANALYZER_NUMBER_OBJECT_CONVERSION = YES_AGGRESSIVE;
				CLANG_CXX_LANGUAGE_STANDARD = "gnu++14";
				CLANG_CXX_LIBRARY = "libc++";
				CLANG_ENABLE_MODULES = YES;
				CLANG_ENABLE_OBJC_ARC = YES;
				CLANG_ENABLE_OBJC_WEAK = YES;
				CLANG_WARN_BLOCK_CAPTURE_AUTORELEASING = YES;
				CLANG_WARN_BOOL_CONVERSION = YES;
				CLANG_WARN_COMMA = YES;
				CLANG_WARN_CONSTANT_CONVERSION = YES;
				CLANG_WARN_DEPRECATED_OBJC_IMPLEMENTATIONS = YES;
				CLANG_WARN_DIRECT_OBJC_ISA_USAGE = YES_ERROR;
				CLANG_WARN_DOCUMENTATION_COMMENTS = YES;
				CLANG_WARN_EMPTY_BODY = YES;
				CLANG_WARN_ENUM_CONVERSION = YES;
				CLANG_WARN_INFINITE_RECURSION = YES;
				CLANG_WARN_INT_CONVERSION = YES;
				CLANG_WARN_NON_LITERAL_NULL_CONVERSION = YES;
				CLANG_WARN_OBJC_IMPLICIT_RETAIN_SELF = YES;
				CLANG_WARN_OBJC_LITERAL_CONVERSION = YES;
				CLANG_WARN_OBJC_ROOT_CLASS = YES_ERROR;
				CLANG_WARN_RANGE_LOOP_ANALYSIS = YES;
				CLANG_WARN_STRICT_PROTOTYPES = YES;
				CLANG_WARN_SUSPICIOUS_MOVE = YES;
				CLANG_WARN_UNGUARDED_AVAILABILITY = YES_AGGRESSIVE;
				CLANG_WARN_UNREACHABLE_CODE = YES;
				CLANG_WARN__DUPLICATE_METHOD_MATCH = YES;
				COPY_PHASE_STRIP = NO;
				DEBUG_INFORMATION_FORMAT = dwarf;
				ENABLE_STRICT_OBJC_MSGSEND = YES;
				ENABLE_TESTABILITY = YES;
				GCC_C_LANGUAGE_STANDARD = gnu11;
				GCC_DYNAMIC_NO_PIC = NO;
				GCC_NO_COMMON_BLOCKS = YES;
				GCC_OPTIMIZATION_LEVEL = 0;
				GCC_PREPROCESSOR_DEFINITIONS = (
					"DEBUG=1",
					"$(inherited)",
				);
				GCC_WARN_64_TO_32_BIT_CONVERSION = YES;
				GCC_WARN_ABOUT_RETURN_TYPE = YES_ERROR;
				GCC_WARN_UNDECLARED_SELECTOR = YES;
				GCC_WARN_UNINITIALIZED_AUTOS = YES_AGGRESSIVE;
				GCC_WARN_UNUSED_FUNCTION = YES;
				GCC_WARN_UNUSED_VARIABLE = YES;
				IPHONEOS_DEPLOYMENT_TARGET = 13.2;
				MTL_ENABLE_DEBUG_INFO = INCLUDE_SOURCE;
				MTL_FAST_MATH = YES;
				ONLY_ACTIVE_ARCH = YES;
				SDKROOT = iphoneos;
				SWIFT_ACTIVE_COMPILATION_CONDITIONS = DEBUG;
				SWIFT_OPTIMIZATION_LEVEL = "-Onone";
			};
			name = Debug;
		};
		630574D424C047B500690D38 /* Release */ = {
			isa = XCBuildConfiguration;
			buildSettings = {
				ALWAYS_SEARCH_USER_PATHS = NO;
				CLANG_ANALYZER_NONNULL = YES;
				CLANG_ANALYZER_NUMBER_OBJECT_CONVERSION = YES_AGGRESSIVE;
				CLANG_CXX_LANGUAGE_STANDARD = "gnu++14";
				CLANG_CXX_LIBRARY = "libc++";
				CLANG_ENABLE_MODULES = YES;
				CLANG_ENABLE_OBJC_ARC = YES;
				CLANG_ENABLE_OBJC_WEAK = YES;
				CLANG_WARN_BLOCK_CAPTURE_AUTORELEASING = YES;
				CLANG_WARN_BOOL_CONVERSION = YES;
				CLANG_WARN_COMMA = YES;
				CLANG_WARN_CONSTANT_CONVERSION = YES;
				CLANG_WARN_DEPRECATED_OBJC_IMPLEMENTATIONS = YES;
				CLANG_WARN_DIRECT_OBJC_ISA_USAGE = YES_ERROR;
				CLANG_WARN_DOCUMENTATION_COMMENTS = YES;
				CLANG_WARN_EMPTY_BODY = YES;
				CLANG_WARN_ENUM_CONVERSION = YES;
				CLANG_WARN_INFINITE_RECURSION = YES;
				CLANG_WARN_INT_CONVERSION = YES;
				CLANG_WARN_NON_LITERAL_NULL_CONVERSION = YES;
				CLANG_WARN_OBJC_IMPLICIT_RETAIN_SELF = YES;
				CLANG_WARN_OBJC_LITERAL_CONVERSION = YES;
				CLANG_WARN_OBJC_ROOT_CLASS = YES_ERROR;
				CLANG_WARN_RANGE_LOOP_ANALYSIS = YES;
				CLANG_WARN_STRICT_PROTOTYPES = YES;
				CLANG_WARN_SUSPICIOUS_MOVE = YES;
				CLANG_WARN_UNGUARDED_AVAILABILITY = YES_AGGRESSIVE;
				CLANG_WARN_UNREACHABLE_CODE = YES;
				CLANG_WARN__DUPLICATE_METHOD_MATCH = YES;
				COPY_PHASE_STRIP = NO;
				DEBUG_INFORMATION_FORMAT = "dwarf-with-dsym";
				ENABLE_NS_ASSERTIONS = NO;
				ENABLE_STRICT_OBJC_MSGSEND = YES;
				GCC_C_LANGUAGE_STANDARD = gnu11;
				GCC_NO_COMMON_BLOCKS = YES;
				GCC_WARN_64_TO_32_BIT_CONVERSION = YES;
				GCC_WARN_ABOUT_RETURN_TYPE = YES_ERROR;
				GCC_WARN_UNDECLARED_SELECTOR = YES;
				GCC_WARN_UNINITIALIZED_AUTOS = YES_AGGRESSIVE;
				GCC_WARN_UNUSED_FUNCTION = YES;
				GCC_WARN_UNUSED_VARIABLE = YES;
				IPHONEOS_DEPLOYMENT_TARGET = 13.2;
				MTL_ENABLE_DEBUG_INFO = NO;
				MTL_FAST_MATH = YES;
				SDKROOT = iphoneos;
				SWIFT_COMPILATION_MODE = wholemodule;
				SWIFT_OPTIMIZATION_LEVEL = "-O";
				VALIDATE_PRODUCT = YES;
			};
			name = Release;
		};
		630574D624C047B500690D38 /* Debug */ = {
			isa = XCBuildConfiguration;
			buildSettings = {
				ASSETCATALOG_COMPILER_APPICON_NAME = AppIcon;
				CODE_SIGN_STYLE = Automatic;
				INFOPLIST_FILE = Pryaniki/Info.plist;
				LD_RUNPATH_SEARCH_PATHS = (
					"$(inherited)",
					"@executable_path/Frameworks",
				);
				PRODUCT_BUNDLE_IDENTIFIER = com.appsite.Pryaniki;
				PRODUCT_NAME = "$(TARGET_NAME)";
				SWIFT_VERSION = 5.0;
				TARGETED_DEVICE_FAMILY = "1,2";
			};
			name = Debug;
		};
		630574D724C047B500690D38 /* Release */ = {
			isa = XCBuildConfiguration;
			buildSettings = {
				ASSETCATALOG_COMPILER_APPICON_NAME = AppIcon;
				CODE_SIGN_STYLE = Automatic;
				INFOPLIST_FILE = Pryaniki/Info.plist;
				LD_RUNPATH_SEARCH_PATHS = (
					"$(inherited)",
					"@executable_path/Frameworks",
				);
				PRODUCT_BUNDLE_IDENTIFIER = com.appsite.Pryaniki;
				PRODUCT_NAME = "$(TARGET_NAME)";
				SWIFT_VERSION = 5.0;
				TARGETED_DEVICE_FAMILY = "1,2";
			};
			name = Release;
		};
/* End XCBuildConfiguration section */

/* Begin XCConfigurationList section */
		630574BC24C047B400690D38 /* Build configuration list for PBXProject "Pryaniki" */ = {
			isa = XCConfigurationList;
			buildConfigurations = (
				630574D324C047B500690D38 /* Debug */,
				630574D424C047B500690D38 /* Release */,
			);
			defaultConfigurationIsVisible = 0;
			defaultConfigurationName = Release;
		};
		630574D524C047B500690D38 /* Build configuration list for PBXNativeTarget "Pryaniki" */ = {
			isa = XCConfigurationList;
			buildConfigurations = (
				630574D624C047B500690D38 /* Debug */,
				630574D724C047B500690D38 /* Release */,
			);
			defaultConfigurationIsVisible = 0;
			defaultConfigurationName = Release;
		};
/* End XCConfigurationList section */
	};
	rootObject = 630574B924C047B400690D38 /* Project object */;
}
